
Microsoft Visual Studio Solution File, Format Version 12.00
# Visual Studio Version 16
VisualStudioVersion = 16.0.30717.126
MinimumVisualStudioVersion = 10.0.40219.1
Project("{9A19103F-16F7-4668-BE54-9A1E7A4F7556}") = "PalleGavebod2", "PalleGavebod2\PalleGavebod2.csproj", "{B2C6BA33-8EFE-438F-AB78-8A9123BB5BFF}"
EndProject
Project("{FAE04EC0-301F-11D3-BF4B-00C04F79EFBC}") = "PallesGavebodAPI", "PallesGavebodAPI\PallesGavebodAPI.csproj", "{4EF72845-9056-4D5C-A939-D3EC965B417D}"
EndProject
Global
	GlobalSection(SolutionConfigurationPlatforms) = preSolution
		Debug|Any CPU = Debug|Any CPU
		Release|Any CPU = Release|Any CPU
	EndGlobalSection
	GlobalSection(ProjectConfigurationPlatforms) = postSolution
		{B2C6BA33-8EFE-438F-AB78-8A9123BB5BFF}.Debug|Any CPU.ActiveCfg = Debug|Any CPU
		{B2C6BA33-8EFE-438F-AB78-8A9123BB5BFF}.Debug|Any CPU.Build.0 = Debug|Any CPU
		{B2C6BA33-8EFE-438F-AB78-8A9123BB5BFF}.Release|Any CPU.ActiveCfg = Release|Any CPU
		{B2C6BA33-8EFE-438F-AB78-8A9123BB5BFF}.Release|Any CPU.Build.0 = Release|Any CPU
		{4EF72845-9056-4D5C-A939-D3EC965B417D}.Debug|Any CPU.ActiveCfg = Debug|Any CPU
		{4EF72845-9056-4D5C-A939-D3EC965B417D}.Debug|Any CPU.Build.0 = Debug|Any CPU
		{4EF72845-9056-4D5C-A939-D3EC965B417D}.Release|Any CPU.ActiveCfg = Release|Any CPU
		{4EF72845-9056-4D5C-A939-D3EC965B417D}.Release|Any CPU.Build.0 = Release|Any CPU
	EndGlobalSection
	GlobalSection(SolutionProperties) = preSolution
		HideSolutionNode = FALSE
	EndGlobalSection
	GlobalSection(ExtensibilityGlobals) = postSolution
		SolutionGuid = {0D0C670F-771D-4354-AF58-602B298B4805}
	EndGlobalSection
EndGlobal
